<?xml version="1.0" encoding="utf-8"?>
<Project ToolsVersion="4.0" xmlns="http://schemas.microsoft.com/developer/msbuild/2003">
  <ItemGroup>
    <Filter Include="Source Files">
      <UniqueIdentifier>{4FC737F1-C7A5-4376-A066-2A32D752A2FF}</UniqueIdentifier>
      <Extensions>cpp;c;cc;cxx;def;odl;idl;hpj;bat;asm;asmx</Extensions>
    </Filter>
    <Filter Include="Header Files">
      <UniqueIdentifier>{93995380-89BD-4b04-88EB-625FBE52EBFB}</UniqueIdentifier>
      <Extensions>h;hh;hpp;hxx;hm;inl;inc;xsd</Extensions>
    </Filter>
    <Filter Include="Resource Files">
      <UniqueIdentifier>{67DA6AB6-F800-4c08-8B7A-83BB121AAD01}</UniqueIdentifier>
      <Extensions>rc;ico;cur;bmp;dlg;rc2;rct;bin;rgs;gif;jpg;jpeg;jpe;resx;tiff;tif;png;wav;mfcribbon-ms</Extensions>
    </Filter>
    <Filter Include="Editor">
      <UniqueIdentifier>{875c08b7-6447-4c1a-95c5-dd31f428bb71}</UniqueIdentifier>
    </Filter>
    <Filter Include="Math">
      <UniqueIdentifier>{8708e7bd-f74a-4e34-a93e-4530812bd1a6}</UniqueIdentifier>
    </Filter>
    <Filter Include="GL">
      <UniqueIdentifier>{56ede17b-61b9-464e-a9f1-f7f079839596}</UniqueIdentifier>
    </Filter>
    <Filter Include="CollisionTest">
      <UniqueIdentifier>{ca1d172b-6132-40a7-9576-30ae100f727e}</UniqueIdentifier>
    </Filter>
  </ItemGroup>
  <ItemGroup>
    <ClCompile Include="Source.cpp">
      <Filter>Source Files</Filter>
    </ClCompile>
    <ClCompile Include="Window.cpp">
      <Filter>Source Files</Filter>
    </ClCompile>
    <ClCompile Include="Camera.cpp">
      <Filter>Source Files</Filter>
    </ClCompile>
    <ClCompile Include="Shader.cpp">
      <Filter>Source Files</Filter>
    </ClCompile>
    <ClCompile Include="Timer.cpp">
      <Filter>Source Files</Filter>
    </ClCompile>
    <ClCompile Include="Object.cpp">
      <Filter>Source Files</Filter>
    </ClCompile>
    <ClCompile Include="Math\Matrix_Transformations.cpp">
      <Filter>Math</Filter>
    </ClCompile>
    <ClCompile Include="Math\EMath.cpp">
      <Filter>Math</Filter>
    </ClCompile>
    <ClCompile Include="Math\Matrix4x4.cpp">
      <Filter>Math</Filter>
    </ClCompile>
    <ClCompile Include="Math\Quaternion.cpp">
      <Filter>Math</Filter>
    </ClCompile>
    <ClCompile Include="Math\Vector3.cpp">
      <Filter>Math</Filter>
    </ClCompile>
    <ClCompile Include="EditorStuff.cpp">
      <Filter>Editor</Filter>
    </ClCompile>
    <ClCompile Include="VAO.cpp">
      <Filter>GL</Filter>
    </ClCompile>
    <ClCompile Include="BufferObject.cpp">
      <Filter>GL</Filter>
    </ClCompile>
    <ClCompile Include="FrameBuffer.cpp">
      <Filter>GL</Filter>
    </ClCompile>
    <ClCompile Include="Texture.cpp">
      <Filter>GL</Filter>
    </ClCompile>
    <ClCompile Include="CollisionTest\AABB.cpp">
      <Filter>CollisionTest</Filter>
    </ClCompile>
    <ClCompile Include="CollisionTest\OBB.cpp">
      <Filter>CollisionTest</Filter>
    </ClCompile>
  </ItemGroup>
  <ItemGroup>
    <ClInclude Include="Window.h">
      <Filter>Header Files</Filter>
    </ClInclude>
    <ClInclude Include="Camera.h">
      <Filter>Header Files</Filter>
    </ClInclude>
    <ClInclude Include="Shader.h">
      <Filter>Header Files</Filter>
    </ClInclude>
    <ClInclude Include="Timer.h">
      <Filter>Header Files</Filter>
    </ClInclude>
    <ClInclude Include="Object.h">
      <Filter>Header Files</Filter>
    </ClInclude>
    <ClInclude Include="Helper.h">
      <Filter>Header Files</Filter>
    </ClInclude>
    <ClInclude Include="EditorMesh.h">
      <Filter>Editor</Filter>
    </ClInclude>
    <ClInclude Include="Math\EMath.h">
      <Filter>Math</Filter>
    </ClInclude>
    <ClInclude Include="Math\Matrix_Transformations.h">
      <Filter>Math</Filter>
    </ClInclude>
    <ClInclude Include="Math\Matrix4x4.h">
      <Filter>Math</Filter>
    </ClInclude>
    <ClInclude Include="Math\Quaternion.h">
      <Filter>Math</Filter>
    </ClInclude>
    <ClInclude Include="Math\Vector3.h">
      <Filter>Math</Filter>
    </ClInclude>
    <ClInclude Include="EditorStuff.h">
      <Filter>Editor</Filter>
    </ClInclude>
    <ClInclude Include="VAO.h">
      <Filter>GL</Filter>
    </ClInclude>
    <ClInclude Include="BufferObject.h">
      <Filter>GL</Filter>
    </ClInclude>
    <ClInclude Include="FrameBuffer.h">
      <Filter>GL</Filter>
    </ClInclude>
    <ClInclude Include="Texture.h">
      <Filter>GL</Filter>
    </ClInclude>
    <ClInclude Include="CollisionTest\AABB.h">
      <Filter>CollisionTest</Filter>
    </ClInclude>
    <ClInclude Include="CollisionTest\OBB.h">
      <Filter>CollisionTest</Filter>
    </ClInclude>
  </ItemGroup>
</Project>